
Microsoft Visual Studio Solution File, Format Version 12.00
Project("{2150E333-8FDC-42A3-9474-1A3956D46DE8}") = "Application", "Application", "{C9115F8D-FE07-4286-934B-9056C402131B}"
EndProject
Project("{2150E333-8FDC-42A3-9474-1A3956D46DE8}") = "Domain", "Domain", "{95A5BF8B-35BB-441A-A708-AF6776E65194}"
EndProject
Project("{2150E333-8FDC-42A3-9474-1A3956D46DE8}") = "Infra.IoC", "Infra.IoC", "{7FA79B0C-1CC5-44DC-97ED-1F87832DC0A0}"
EndProject
Project("{2150E333-8FDC-42A3-9474-1A3956D46DE8}") = "Infra.Data", "Infra.Data", "{05882342-4541-4C9B-B690-2EE4FF0F7DB8}"
EndProject
Project("{2150E333-8FDC-42A3-9474-1A3956D46DE8}") = "Presentation", "Presentation", "{6B2EFD7D-AF1B-4D72-BE51-D4304AB05527}"
EndProject
Project("{FAE04EC0-301F-11D3-BF4B-00C04F79EFBC}") = "CleanArch.Mvc", "CleanArch.Mvc\CleanArch.Mvc.csproj", "{E3DDEE03-81CF-48DE-9989-830F822D4BF8}"
EndProject
Project("{FAE04EC0-301F-11D3-BF4B-00C04F79EFBC}") = "CleanArch.Domain", "CleanArch.Domain\CleanArch.Domain.csproj", "{0540218A-4A98-42E3-9883-BEB9FB02CBD1}"
EndProject
Project("{FAE04EC0-301F-11D3-BF4B-00C04F79EFBC}") = "CleanArch.Infra.Data", "CleanArch.Infra.Data\CleanArch.Infra.Data.csproj", "{A9BB27B3-CF50-4A64-9808-40084020C5FA}"
EndProject
Project("{FAE04EC0-301F-11D3-BF4B-00C04F79EFBC}") = "CleanArch.Application", "CleanArch.Application\CleanArch.Application.csproj", "{893FF297-640C-48F9-AC0D-0D2E3DC9B80E}"
EndProject
Global
	GlobalSection(SolutionConfigurationPlatforms) = preSolution
		Debug|Any CPU = Debug|Any CPU
		Release|Any CPU = Release|Any CPU
	EndGlobalSection
	GlobalSection(NestedProjects) = preSolution
		{E3DDEE03-81CF-48DE-9989-830F822D4BF8} = {6B2EFD7D-AF1B-4D72-BE51-D4304AB05527}
		{0540218A-4A98-42E3-9883-BEB9FB02CBD1} = {95A5BF8B-35BB-441A-A708-AF6776E65194}
		{A9BB27B3-CF50-4A64-9808-40084020C5FA} = {05882342-4541-4C9B-B690-2EE4FF0F7DB8}
		{893FF297-640C-48F9-AC0D-0D2E3DC9B80E} = {C9115F8D-FE07-4286-934B-9056C402131B}
	EndGlobalSection
	GlobalSection(ProjectConfigurationPlatforms) = postSolution
		{E3DDEE03-81CF-48DE-9989-830F822D4BF8}.Debug|Any CPU.ActiveCfg = Debug|Any CPU
		{E3DDEE03-81CF-48DE-9989-830F822D4BF8}.Debug|Any CPU.Build.0 = Debug|Any CPU
		{E3DDEE03-81CF-48DE-9989-830F822D4BF8}.Release|Any CPU.ActiveCfg = Release|Any CPU
		{E3DDEE03-81CF-48DE-9989-830F822D4BF8}.Release|Any CPU.Build.0 = Release|Any CPU
		{0540218A-4A98-42E3-9883-BEB9FB02CBD1}.Debug|Any CPU.ActiveCfg = Debug|Any CPU
		{0540218A-4A98-42E3-9883-BEB9FB02CBD1}.Debug|Any CPU.Build.0 = Debug|Any CPU
		{0540218A-4A98-42E3-9883-BEB9FB02CBD1}.Release|Any CPU.ActiveCfg = Release|Any CPU
		{0540218A-4A98-42E3-9883-BEB9FB02CBD1}.Release|Any CPU.Build.0 = Release|Any CPU
		{A9BB27B3-CF50-4A64-9808-40084020C5FA}.Debug|Any CPU.ActiveCfg = Debug|Any CPU
		{A9BB27B3-CF50-4A64-9808-40084020C5FA}.Debug|Any CPU.Build.0 = Debug|Any CPU
		{A9BB27B3-CF50-4A64-9808-40084020C5FA}.Release|Any CPU.ActiveCfg = Release|Any CPU
		{A9BB27B3-CF50-4A64-9808-40084020C5FA}.Release|Any CPU.Build.0 = Release|Any CPU
		{893FF297-640C-48F9-AC0D-0D2E3DC9B80E}.Debug|Any CPU.ActiveCfg = Debug|Any CPU
		{893FF297-640C-48F9-AC0D-0D2E3DC9B80E}.Debug|Any CPU.Build.0 = Debug|Any CPU
		{893FF297-640C-48F9-AC0D-0D2E3DC9B80E}.Release|Any CPU.ActiveCfg = Release|Any CPU
		{893FF297-640C-48F9-AC0D-0D2E3DC9B80E}.Release|Any CPU.Build.0 = Release|Any CPU
	EndGlobalSection
EndGlobal
